// !$*UTF8*$!
{
	archiveVersion = 1;
	classes = {
	};
	objectVersion = 56;
	objects = {

/* Begin PBXBuildFile section */
		7B7DDFB42B0F5578006AF736 /* WidgetAppApp.swift in Sources */ = {isa = PBXBuildFile; fileRef = 7B7DDFB32B0F5578006AF736 /* WidgetAppApp.swift */; };
		7B7DDFB62B0F5578006AF736 /* ContentView.swift in Sources */ = {isa = PBXBuildFile; fileRef = 7B7DDFB52B0F5578006AF736 /* ContentView.swift */; };
		7B7DDFB82B0F5579006AF736 /* Assets.xcassets in Resources */ = {isa = PBXBuildFile; fileRef = 7B7DDFB72B0F5579006AF736 /* Assets.xcassets */; };
		7B7DDFBB2B0F5579006AF736 /* Preview Assets.xcassets in Resources */ = {isa = PBXBuildFile; fileRef = 7B7DDFBA2B0F5579006AF736 /* Preview Assets.xcassets */; };
		7B7DDFC82B0F558B006AF736 /* WidgetKit.framework in Frameworks */ = {isa = PBXBuildFile; fileRef = 7B7DDFC72B0F558B006AF736 /* WidgetKit.framework */; };
		7B7DDFCA2B0F558B006AF736 /* SwiftUI.framework in Frameworks */ = {isa = PBXBuildFile; fileRef = 7B7DDFC92B0F558B006AF736 /* SwiftUI.framework */; };
		7B7DDFCD2B0F558B006AF736 /* WidgetBundle.swift in Sources */ = {isa = PBXBuildFile; fileRef = 7B7DDFCC2B0F558B006AF736 /* WidgetBundle.swift */; };
		7B7DDFCF2B0F558B006AF736 /* WidgetLiveActivity.swift in Sources */ = {isa = PBXBuildFile; fileRef = 7B7DDFCE2B0F558B006AF736 /* WidgetLiveActivity.swift */; };
		7B7DDFD12B0F558B006AF736 /* Widget.swift in Sources */ = {isa = PBXBuildFile; fileRef = 7B7DDFD02B0F558B006AF736 /* Widget.swift */; };
		7B7DDFD32B0F558B006AF736 /* AppIntent.swift in Sources */ = {isa = PBXBuildFile; fileRef = 7B7DDFD22B0F558B006AF736 /* AppIntent.swift */; };
		7B7DDFD52B0F558D006AF736 /* Assets.xcassets in Resources */ = {isa = PBXBuildFile; fileRef = 7B7DDFD42B0F558D006AF736 /* Assets.xcassets */; };
		7B7DDFD92B0F558D006AF736 /* WidgetExtension.appex in Embed Foundation Extensions */ = {isa = PBXBuildFile; fileRef = 7B7DDFC52B0F558B006AF736 /* WidgetExtension.appex */; settings = {ATTRIBUTES = (RemoveHeadersOnCopy, ); }; };
		7B7DDFE02B0F5609006AF736 /* DayConfig.swift in Sources */ = {isa = PBXBuildFile; fileRef = 7B7DDFDE2B0F5603006AF736 /* DayConfig.swift */; };
		7B7DDFE22B0F569C006AF736 /* Source.json in Resources */ = {isa = PBXBuildFile; fileRef = 7B7DDFE12B0F569C006AF736 /* Source.json */; };
/* End PBXBuildFile section */

/* Begin PBXContainerItemProxy section */
		7B7DDFD72B0F558D006AF736 /* PBXContainerItemProxy */ = {
			isa = PBXContainerItemProxy;
			containerPortal = 7B7DDFA82B0F5578006AF736 /* Project object */;
			proxyType = 1;
			remoteGlobalIDString = 7B7DDFC42B0F558B006AF736;
			remoteInfo = WidgetExtension;
		};
/* End PBXContainerItemProxy section */

/* Begin PBXCopyFilesBuildPhase section */
		7B7DDFDD2B0F558D006AF736 /* Embed Foundation Extensions */ = {
			isa = PBXCopyFilesBuildPhase;
			buildActionMask = 2147483647;
			dstPath = "";
			dstSubfolderSpec = 13;
			files = (
				7B7DDFD92B0F558D006AF736 /* WidgetExtension.appex in Embed Foundation Extensions */,
			);
			name = "Embed Foundation Extensions";
			runOnlyForDeploymentPostprocessing = 0;
		};
/* End PBXCopyFilesBuildPhase section */

/* Begin PBXFileReference section */
		7B7DDFB02B0F5578006AF736 /* WidgetApp.app */ = {isa = PBXFileReference; explicitFileType = wrapper.application; includeInIndex = 0; path = WidgetApp.app; sourceTree = BUILT_PRODUCTS_DIR; };
		7B7DDFB32B0F5578006AF736 /* WidgetAppApp.swift */ = {isa = PBXFileReference; lastKnownFileType = sourcecode.swift; path = WidgetAppApp.swift; sourceTree = "<group>"; };
		7B7DDFB52B0F5578006AF736 /* ContentView.swift */ = {isa = PBXFileReference; lastKnownFileType = sourcecode.swift; path = ContentView.swift; sourceTree = "<group>"; };
		7B7DDFB72B0F5579006AF736 /* Assets.xcassets */ = {isa = PBXFileReference; lastKnownFileType = folder.assetcatalog; path = Assets.xcassets; sourceTree = "<group>"; };
		7B7DDFBA2B0F5579006AF736 /* Preview Assets.xcassets */ = {isa = PBXFileReference; lastKnownFileType = folder.assetcatalog; path = "Preview Assets.xcassets"; sourceTree = "<group>"; };
		7B7DDFC52B0F558B006AF736 /* WidgetExtension.appex */ = {isa = PBXFileReference; explicitFileType = "wrapper.app-extension"; includeInIndex = 0; path = WidgetExtension.appex; sourceTree = BUILT_PRODUCTS_DIR; };
		7B7DDFC72B0F558B006AF736 /* WidgetKit.framework */ = {isa = PBXFileReference; lastKnownFileType = wrapper.framework; name = WidgetKit.framework; path = System/Library/Frameworks/WidgetKit.framework; sourceTree = SDKROOT; };
		7B7DDFC92B0F558B006AF736 /* SwiftUI.framework */ = {isa = PBXFileReference; lastKnownFileType = wrapper.framework; name = SwiftUI.framework; path = System/Library/Frameworks/SwiftUI.framework; sourceTree = SDKROOT; };
		7B7DDFCC2B0F558B006AF736 /* WidgetBundle.swift */ = {isa = PBXFileReference; lastKnownFileType = sourcecode.swift; path = WidgetBundle.swift; sourceTree = "<group>"; };
		7B7DDFCE2B0F558B006AF736 /* WidgetLiveActivity.swift */ = {isa = PBXFileReference; lastKnownFileType = sourcecode.swift; path = WidgetLiveActivity.swift; sourceTree = "<group>"; };
		7B7DDFD02B0F558B006AF736 /* Widget.swift */ = {isa = PBXFileReference; lastKnownFileType = sourcecode.swift; path = Widget.swift; sourceTree = "<group>"; };
		7B7DDFD22B0F558B006AF736 /* AppIntent.swift */ = {isa = PBXFileReference; lastKnownFileType = sourcecode.swift; path = AppIntent.swift; sourceTree = "<group>"; };
		7B7DDFD42B0F558D006AF736 /* Assets.xcassets */ = {isa = PBXFileReference; lastKnownFileType = folder.assetcatalog; path = Assets.xcassets; sourceTree = "<group>"; };
		7B7DDFD62B0F558D006AF736 /* Info.plist */ = {isa = PBXFileReference; lastKnownFileType = text.plist.xml; path = Info.plist; sourceTree = "<group>"; };
		7B7DDFDE2B0F5603006AF736 /* DayConfig.swift */ = {isa = PBXFileReference; lastKnownFileType = sourcecode.swift; path = DayConfig.swift; sourceTree = "<group>"; };
		7B7DDFE12B0F569C006AF736 /* Source.json */ = {isa = PBXFileReference; lastKnownFileType = text.json; path = Source.json; sourceTree = "<group>"; };
/* End PBXFileReference section */

/* Begin PBXFrameworksBuildPhase section */
		7B7DDFAD2B0F5578006AF736 /* Frameworks */ = {
			isa = PBXFrameworksBuildPhase;
			buildActionMask = 2147483647;
			files = (
			);
			runOnlyForDeploymentPostprocessing = 0;
		};
		7B7DDFC22B0F558B006AF736 /* Frameworks */ = {
			isa = PBXFrameworksBuildPhase;
			buildActionMask = 2147483647;
			files = (
				7B7DDFCA2B0F558B006AF736 /* SwiftUI.framework in Frameworks */,
				7B7DDFC82B0F558B006AF736 /* WidgetKit.framework in Frameworks */,
			);
			runOnlyForDeploymentPostprocessing = 0;
		};
/* End PBXFrameworksBuildPhase section */

/* Begin PBXGroup section */
		7B7DDFA72B0F5578006AF736 = {
			isa = PBXGroup;
			children = (
				7B7DDFB22B0F5578006AF736 /* WidgetApp */,
				7B7DDFCB2B0F558B006AF736 /* Widget */,
				7B7DDFC62B0F558B006AF736 /* Frameworks */,
				7B7DDFB12B0F5578006AF736 /* Products */,
			);
			sourceTree = "<group>";
		};
		7B7DDFB12B0F5578006AF736 /* Products */ = {
			isa = PBXGroup;
			children = (
				7B7DDFB02B0F5578006AF736 /* WidgetApp.app */,
				7B7DDFC52B0F558B006AF736 /* WidgetExtension.appex */,
			);
			name = Products;
			sourceTree = "<group>";
		};
		7B7DDFB22B0F5578006AF736 /* WidgetApp */ = {
			isa = PBXGroup;
			children = (
				7B7DDFB32B0F5578006AF736 /* WidgetAppApp.swift */,
				7B7DDFB52B0F5578006AF736 /* ContentView.swift */,
				7B7DDFB72B0F5579006AF736 /* Assets.xcassets */,
				7B7DDFB92B0F5579006AF736 /* Preview Content */,
			);
			path = WidgetApp;
			sourceTree = "<group>";
		};
		7B7DDFB92B0F5579006AF736 /* Preview Content */ = {
			isa = PBXGroup;
			children = (
				7B7DDFBA2B0F5579006AF736 /* Preview Assets.xcassets */,
			);
			path = "Preview Content";
			sourceTree = "<group>";
		};
		7B7DDFC62B0F558B006AF736 /* Frameworks */ = {
			isa = PBXGroup;
			children = (
				7B7DDFC72B0F558B006AF736 /* WidgetKit.framework */,
				7B7DDFC92B0F558B006AF736 /* SwiftUI.framework */,
			);
			name = Frameworks;
			sourceTree = "<group>";
		};
		7B7DDFCB2B0F558B006AF736 /* Widget */ = {
			isa = PBXGroup;
			children = (
				7B7DDFE12B0F569C006AF736 /* Source.json */,
				7B7DDFDE2B0F5603006AF736 /* DayConfig.swift */,
				7B7DDFCC2B0F558B006AF736 /* WidgetBundle.swift */,
				7B7DDFCE2B0F558B006AF736 /* WidgetLiveActivity.swift */,
				7B7DDFD02B0F558B006AF736 /* Widget.swift */,
				7B7DDFD22B0F558B006AF736 /* AppIntent.swift */,
				7B7DDFD42B0F558D006AF736 /* Assets.xcassets */,
				7B7DDFD62B0F558D006AF736 /* Info.plist */,
			);
			path = Widget;
			sourceTree = "<group>";
		};
/* End PBXGroup section */

/* Begin PBXNativeTarget section */
		7B7DDFAF2B0F5578006AF736 /* WidgetApp */ = {
			isa = PBXNativeTarget;
			buildConfigurationList = 7B7DDFBE2B0F5579006AF736 /* Build configuration list for PBXNativeTarget "WidgetApp" */;
			buildPhases = (
				7B7DDFAC2B0F5578006AF736 /* Sources */,
				7B7DDFAD2B0F5578006AF736 /* Frameworks */,
				7B7DDFAE2B0F5578006AF736 /* Resources */,
				7B7DDFDD2B0F558D006AF736 /* Embed Foundation Extensions */,
			);
			buildRules = (
			);
			dependencies = (
				7B7DDFD82B0F558D006AF736 /* PBXTargetDependency */,
			);
			name = WidgetApp;
			productName = WidgetApp;
			productReference = 7B7DDFB02B0F5578006AF736 /* WidgetApp.app */;
			productType = "com.apple.product-type.application";
		};
		7B7DDFC42B0F558B006AF736 /* WidgetExtension */ = {
			isa = PBXNativeTarget;
			buildConfigurationList = 7B7DDFDA2B0F558D006AF736 /* Build configuration list for PBXNativeTarget "WidgetExtension" */;
			buildPhases = (
				7B7DDFC12B0F558B006AF736 /* Sources */,
				7B7DDFC22B0F558B006AF736 /* Frameworks */,
				7B7DDFC32B0F558B006AF736 /* Resources */,
			);
			buildRules = (
			);
			dependencies = (
			);
			name = WidgetExtension;
			productName = WidgetExtension;
			productReference = 7B7DDFC52B0F558B006AF736 /* WidgetExtension.appex */;
			productType = "com.apple.product-type.app-extension";
		};
/* End PBXNativeTarget section */

/* Begin PBXProject section */
		7B7DDFA82B0F5578006AF736 /* Project object */ = {
			isa = PBXProject;
			attributes = {
				BuildIndependentTargetsInParallel = 1;
				LastSwiftUpdateCheck = 1500;
				LastUpgradeCheck = 1500;
				TargetAttributes = {
					7B7DDFAF2B0F5578006AF736 = {
						CreatedOnToolsVersion = 15.0;
					};
					7B7DDFC42B0F558B006AF736 = {
						CreatedOnToolsVersion = 15.0;
					};
				};
			};
			buildConfigurationList = 7B7DDFAB2B0F5578006AF736 /* Build configuration list for PBXProject "WidgetApp" */;
			compatibilityVersion = "Xcode 14.0";
			developmentRegion = en;
			hasScannedForEncodings = 0;
			knownRegions = (
				en,
				Base,
			);
			mainGroup = 7B7DDFA72B0F5578006AF736;
			productRefGroup = 7B7DDFB12B0F5578006AF736 /* Products */;
			projectDirPath = "";
			projectRoot = "";
			targets = (
				7B7DDFAF2B0F5578006AF736 /* WidgetApp */,
				7B7DDFC42B0F558B006AF736 /* WidgetExtension */,
			);
		};
/* End PBXProject section */

/* Begin PBXResourcesBuildPhase section */
		7B7DDFAE2B0F5578006AF736 /* Resources */ = {
			isa = PBXResourcesBuildPhase;
			buildActionMask = 2147483647;
			files = (
				7B7DDFBB2B0F5579006AF736 /* Preview Assets.xcassets in Resources */,
				7B7DDFE22B0F569C006AF736 /* Source.json in Resources */,
				7B7DDFB82B0F5579006AF736 /* Assets.xcassets in Resources */,
			);
			runOnlyForDeploymentPostprocessing = 0;
		};
		7B7DDFC32B0F558B006AF736 /* Resources */ = {
			isa = PBXResourcesBuildPhase;
			buildActionMask = 2147483647;
			files = (
				7B7DDFD52B0F558D006AF736 /* Assets.xcassets in Resources */,
			);
			runOnlyForDeploymentPostprocessing = 0;
		};
/* End PBXResourcesBuildPhase section */

/* Begin PBXSourcesBuildPhase section */
		7B7DDFAC2B0F5578006AF736 /* Sources */ = {
			isa = PBXSourcesBuildPhase;
			buildActionMask = 2147483647;
			files = (
				7B7DDFB62B0F5578006AF736 /* ContentView.swift in Sources */,
				7B7DDFB42B0F5578006AF736 /* WidgetAppApp.swift in Sources */,
			);
			runOnlyForDeploymentPostprocessing = 0;
		};
		7B7DDFC12B0F558B006AF736 /* Sources */ = {
			isa = PBXSourcesBuildPhase;
			buildActionMask = 2147483647;
			files = (
				7B7DDFCF2B0F558B006AF736 /* WidgetLiveActivity.swift in Sources */,
				7B7DDFD32B0F558B006AF736 /* AppIntent.swift in Sources */,
				7B7DDFE02B0F5609006AF736 /* DayConfig.swift in Sources */,
				7B7DDFCD2B0F558B006AF736 /* WidgetBundle.swift in Sources */,
				7B7DDFD12B0F558B006AF736 /* Widget.swift in Sources */,
			);
			runOnlyForDeploymentPostprocessing = 0;
		};
/* End PBXSourcesBuildPhase section */

/* Begin PBXTargetDependency section */
		7B7DDFD82B0F558D006AF736 /* PBXTargetDependency */ = {
			isa = PBXTargetDependency;
			target = 7B7DDFC42B0F558B006AF736 /* WidgetExtension */;
			targetProxy = 7B7DDFD72B0F558D006AF736 /* PBXContainerItemProxy */;
		};
/* End PBXTargetDependency section */

/* Begin XCBuildConfiguration section */
		7B7DDFBC2B0F5579006AF736 /* Debug */ = {
			isa = XCBuildConfiguration;
			buildSettings = {
				ALWAYS_SEARCH_USER_PATHS = NO;
				ASSETCATALOG_COMPILER_GENERATE_SWIFT_ASSET_SYMBOL_EXTENSIONS = YES;
				CLANG_ANALYZER_NONNULL = YES;
				CLANG_ANALYZER_NUMBER_OBJECT_CONVERSION = YES_AGGRESSIVE;
				CLANG_CXX_LANGUAGE_STANDARD = "gnu++20";
				CLANG_ENABLE_MODULES = YES;
				CLANG_ENABLE_OBJC_ARC = YES;
				CLANG_ENABLE_OBJC_WEAK = YES;
				CLANG_WARN_BLOCK_CAPTURE_AUTORELEASING = YES;
				CLANG_WARN_BOOL_CONVERSION = YES;
				CLANG_WARN_COMMA = YES;
				CLANG_WARN_CONSTANT_CONVERSION = YES;
				CLANG_WARN_DEPRECATED_OBJC_IMPLEMENTATIONS = YES;
				CLANG_WARN_DIRECT_OBJC_ISA_USAGE = YES_ERROR;
				CLANG_WARN_DOCUMENTATION_COMMENTS = YES;
				CLANG_WARN_EMPTY_BODY = YES;
				CLANG_WARN_ENUM_CONVERSION = YES;
				CLANG_WARN_INFINITE_RECURSION = YES;
				CLANG_WARN_INT_CONVERSION = YES;
				CLANG_WARN_NON_LITERAL_NULL_CONVERSION = YES;
				CLANG_WARN_OBJC_IMPLICIT_RETAIN_SELF = YES;
				CLANG_WARN_OBJC_LITERAL_CONVERSION = YES;
				CLANG_WARN_OBJC_ROOT_CLASS = YES_ERROR;
				CLANG_WARN_QUOTED_INCLUDE_IN_FRAMEWORK_HEADER = YES;
				CLANG_WARN_RANGE_LOOP_ANALYSIS = YES;
				CLANG_WARN_STRICT_PROTOTYPES = YES;
				CLANG_WARN_SUSPICIOUS_MOVE = YES;
				CLANG_WARN_UNGUARDED_AVAILABILITY = YES_AGGRESSIVE;
				CLANG_WARN_UNREACHABLE_CODE = YES;
				CLANG_WARN__DUPLICATE_METHOD_MATCH = YES;
				COPY_PHASE_STRIP = NO;
				DEBUG_INFORMATION_FORMAT = dwarf;
				ENABLE_STRICT_OBJC_MSGSEND = YES;
				ENABLE_TESTABILITY = YES;
				ENABLE_USER_SCRIPT_SANDBOXING = YES;
				GCC_C_LANGUAGE_STANDARD = gnu17;
				GCC_DYNAMIC_NO_PIC = NO;
				GCC_NO_COMMON_BLOCKS = YES;
				GCC_OPTIMIZATION_LEVEL = 0;
				GCC_PREPROCESSOR_DEFINITIONS = (
					"DEBUG=1",
					"$(inherited)",
				);
				GCC_WARN_64_TO_32_BIT_CONVERSION = YES;
				GCC_WARN_ABOUT_RETURN_TYPE = YES_ERROR;
				GCC_WARN_UNDECLARED_SELECTOR = YES;
				GCC_WARN_UNINITIALIZED_AUTOS = YES_AGGRESSIVE;
				GCC_WARN_UNUSED_FUNCTION = YES;
				GCC_WARN_UNUSED_VARIABLE = YES;
				IPHONEOS_DEPLOYMENT_TARGET = 17.0;
				LOCALIZATION_PREFERS_STRING_CATALOGS = YES;
				MTL_ENABLE_DEBUG_INFO = INCLUDE_SOURCE;
				MTL_FAST_MATH = YES;
				ONLY_ACTIVE_ARCH = YES;
				SDKROOT = iphoneos;
				SWIFT_ACTIVE_COMPILATION_CONDITIONS = "DEBUG $(inherited)";
				SWIFT_OPTIMIZATION_LEVEL = "-Onone";
			};
			name = Debug;
		};
		7B7DDFBD2B0F5579006AF736 /* Release */ = {
			isa = XCBuildConfiguration;
			buildSettings = {
				ALWAYS_SEARCH_USER_PATHS = NO;
				ASSETCATALOG_COMPILER_GENERATE_SWIFT_ASSET_SYMBOL_EXTENSIONS = YES;
				CLANG_ANALYZER_NONNULL = YES;
				CLANG_ANALYZER_NUMBER_OBJECT_CONVERSION = YES_AGGRESSIVE;
				CLANG_CXX_LANGUAGE_STANDARD = "gnu++20";
				CLANG_ENABLE_MODULES = YES;
				CLANG_ENABLE_OBJC_ARC = YES;
				CLANG_ENABLE_OBJC_WEAK = YES;
				CLANG_WARN_BLOCK_CAPTURE_AUTORELEASING = YES;
				CLANG_WARN_BOOL_CONVERSION = YES;
				CLANG_WARN_COMMA = YES;
				CLANG_WARN_CONSTANT_CONVERSION = YES;
				CLANG_WARN_DEPRECATED_OBJC_IMPLEMENTATIONS = YES;
				CLANG_WARN_DIRECT_OBJC_ISA_USAGE = YES_ERROR;
				CLANG_WARN_DOCUMENTATION_COMMENTS = YES;
				CLANG_WARN_EMPTY_BODY = YES;
				CLANG_WARN_ENUM_CONVERSION = YES;
				CLANG_WARN_INFINITE_RECURSION = YES;
				CLANG_WARN_INT_CONVERSION = YES;
				CLANG_WARN_NON_LITERAL_NULL_CONVERSION = YES;
				CLANG_WARN_OBJC_IMPLICIT_RETAIN_SELF = YES;
				CLANG_WARN_OBJC_LITERAL_CONVERSION = YES;
				CLANG_WARN_OBJC_ROOT_CLASS = YES_ERROR;
				CLANG_WARN_QUOTED_INCLUDE_IN_FRAMEWORK_HEADER = YES;
				CLANG_WARN_RANGE_LOOP_ANALYSIS = YES;
				CLANG_WARN_STRICT_PROTOTYPES = YES;
				CLANG_WARN_SUSPICIOUS_MOVE = YES;
				CLANG_WARN_UNGUARDED_AVAILABILITY = YES_AGGRESSIVE;
				CLANG_WARN_UNREACHABLE_CODE = YES;
				CLANG_WARN__DUPLICATE_METHOD_MATCH = YES;
				COPY_PHASE_STRIP = NO;
				DEBUG_INFORMATION_FORMAT = "dwarf-with-dsym";
				ENABLE_NS_ASSERTIONS = NO;
				ENABLE_STRICT_OBJC_MSGSEND = YES;
				ENABLE_USER_SCRIPT_SANDBOXING = YES;
				GCC_C_LANGUAGE_STANDARD = gnu17;
				GCC_NO_COMMON_BLOCKS = YES;
				GCC_WARN_64_TO_32_BIT_CONVERSION = YES;
				GCC_WARN_ABOUT_RETURN_TYPE = YES_ERROR;
				GCC_WARN_UNDECLARED_SELECTOR = YES;
				GCC_WARN_UNINITIALIZED_AUTOS = YES_AGGRESSIVE;
				GCC_WARN_UNUSED_FUNCTION = YES;
				GCC_WARN_UNUSED_VARIABLE = YES;
				IPHONEOS_DEPLOYMENT_TARGET = 17.0;
				LOCALIZATION_PREFERS_STRING_CATALOGS = YES;
				MTL_ENABLE_DEBUG_INFO = NO;
				MTL_FAST_MATH = YES;
				SDKROOT = iphoneos;
				SWIFT_COMPILATION_MODE = wholemodule;
				VALIDATE_PRODUCT = YES;
			};
			name = Release;
		};
		7B7DDFBF2B0F5579006AF736 /* Debug */ = {
			isa = XCBuildConfiguration;
			buildSettings = {
				ALWAYS_EMBED_SWIFT_STANDARD_LIBRARIES = YES;
				ASSETCATALOG_COMPILER_APPICON_NAME = AppIcon;
				ASSETCATALOG_COMPILER_GLOBAL_ACCENT_COLOR_NAME = AccentColor;
				CODE_SIGN_STYLE = Automatic;
				CURRENT_PROJECT_VERSION = 1;
				DEVELOPMENT_ASSET_PATHS = "\"WidgetApp/Preview Content\"";
				DEVELOPMENT_TEAM = K3WVRH5UCM;
				ENABLE_PREVIEWS = YES;
				GENERATE_INFOPLIST_FILE = YES;
				INFOPLIST_KEY_UIApplicationSceneManifest_Generation = YES;
				INFOPLIST_KEY_UIApplicationSupportsIndirectInputEvents = YES;
				INFOPLIST_KEY_UILaunchScreen_Generation = YES;
				INFOPLIST_KEY_UISupportedInterfaceOrientations_iPad = "UIInterfaceOrientationPortrait UIInterfaceOrientationPortraitUpsideDown UIInterfaceOrientationLandscapeLeft UIInterfaceOrientationLandscapeRight";
				INFOPLIST_KEY_UISupportedInterfaceOrientations_iPhone = "UIInterfaceOrientationPortrait UIInterfaceOrientationLandscapeLeft UIInterfaceOrientationLandscapeRight";
				LD_RUNPATH_SEARCH_PATHS = (
					"$(inherited)",
					"@executable_path/Frameworks",
				);
				MARKETING_VERSION = 1.0;
				PRODUCT_BUNDLE_IDENTIFIER = "Tatiana-Simmer.WidgetApp";
				PRODUCT_NAME = "$(TARGET_NAME)";
				SWIFT_EMIT_LOC_STRINGS = YES;
				SWIFT_VERSION = 5.0;
				TARGETED_DEVICE_FAMILY = "1,2";
			};
			name = Debug;
		};
		7B7DDFC02B0F5579006AF736 /* Release */ = {
			isa = XCBuildConfiguration;
			buildSettings = {
				ALWAYS_EMBED_SWIFT_STANDARD_LIBRARIES = YES;
				ASSETCATALOG_COMPILER_APPICON_NAME = AppIcon;
				ASSETCATALOG_COMPILER_GLOBAL_ACCENT_COLOR_NAME = AccentColor;
				CODE_SIGN_STYLE = Automatic;
				CURRENT_PROJECT_VERSION = 1;
				DEVELOPMENT_ASSET_PATHS = "\"WidgetApp/Preview Content\"";
				DEVELOPMENT_TEAM = K3WVRH5UCM;
				ENABLE_PREVIEWS = YES;
				GENERATE_INFOPLIST_FILE = YES;
				INFOPLIST_KEY_UIApplicationSceneManifest_Generation = YES;
				INFOPLIST_KEY_UIApplicationSupportsIndirectInputEvents = YES;
				INFOPLIST_KEY_UILaunchScreen_Generation = YES;
				INFOPLIST_KEY_UISupportedInterfaceOrientations_iPad = "UIInterfaceOrientationPortrait UIInterfaceOrientationPortraitUpsideDown UIInterfaceOrientationLandscapeLeft UIInterfaceOrientationLandscapeRight";
				INFOPLIST_KEY_UISupportedInterfaceOrientations_iPhone = "UIInterfaceOrientationPortrait UIInterfaceOrientationLandscapeLeft UIInterfaceOrientationLandscapeRight";
				LD_RUNPATH_SEARCH_PATHS = (
					"$(inherited)",
					"@executable_path/Frameworks",
				);
				MARKETING_VERSION = 1.0;
				PRODUCT_BUNDLE_IDENTIFIER = "Tatiana-Simmer.WidgetApp";
				PRODUCT_NAME = "$(TARGET_NAME)";
				SWIFT_EMIT_LOC_STRINGS = YES;
				SWIFT_VERSION = 5.0;
				TARGETED_DEVICE_FAMILY = "1,2";
			};
			name = Release;
		};
		7B7DDFDB2B0F558D006AF736 /* Debug */ = {
			isa = XCBuildConfiguration;
			buildSettings = {
				ASSETCATALOG_COMPILER_GLOBAL_ACCENT_COLOR_NAME = AccentColor;
				ASSETCATALOG_COMPILER_WIDGET_BACKGROUND_COLOR_NAME = WidgetBackground;
				CODE_SIGN_STYLE = Automatic;
				CURRENT_PROJECT_VERSION = 1;
				DEVELOPMENT_TEAM = K3WVRH5UCM;
				GENERATE_INFOPLIST_FILE = YES;
				INFOPLIST_FILE = Widget/Info.plist;
				INFOPLIST_KEY_CFBundleDisplayName = Widget;
				INFOPLIST_KEY_NSHumanReadableCopyright = "";
				LD_RUNPATH_SEARCH_PATHS = (
					"$(inherited)",
					"@executable_path/Frameworks",
					"@executable_path/../../Frameworks",
				);
				MARKETING_VERSION = 1.0;
				PRODUCT_BUNDLE_IDENTIFIER = "Tatiana-Simmer.WidgetApp.Widget";
				PRODUCT_NAME = "$(TARGET_NAME)";
				SKIP_INSTALL = YES;
				SWIFT_EMIT_LOC_STRINGS = YES;
				SWIFT_VERSION = 5.0;
				TARGETED_DEVICE_FAMILY = "1,2";
			};
			name = Debug;
		};
		7B7DDFDC2B0F558D006AF736 /* Release */ = {
			isa = XCBuildConfiguration;
			buildSettings = {
				ASSETCATALOG_COMPILER_GLOBAL_ACCENT_COLOR_NAME = AccentColor;
				ASSETCATALOG_COMPILER_WIDGET_BACKGROUND_COLOR_NAME = WidgetBackground;
				CODE_SIGN_STYLE = Automatic;
				CURRENT_PROJECT_VERSION = 1;
				DEVELOPMENT_TEAM = K3WVRH5UCM;
				GENERATE_INFOPLIST_FILE = YES;
				INFOPLIST_FILE = Widget/Info.plist;
				INFOPLIST_KEY_CFBundleDisplayName = Widget;
				INFOPLIST_KEY_NSHumanReadableCopyright = "";
				LD_RUNPATH_SEARCH_PATHS = (
					"$(inherited)",
					"@executable_path/Frameworks",
					"@executable_path/../../Frameworks",
				);
				MARKETING_VERSION = 1.0;
				PRODUCT_BUNDLE_IDENTIFIER = "Tatiana-Simmer.WidgetApp.Widget";
				PRODUCT_NAME = "$(TARGET_NAME)";
				SKIP_INSTALL = YES;
				SWIFT_EMIT_LOC_STRINGS = YES;
				SWIFT_VERSION = 5.0;
				TARGETED_DEVICE_FAMILY = "1,2";
			};
			name = Release;
		};
/* End XCBuildConfiguration section */

/* Begin XCConfigurationList section */
		7B7DDFAB2B0F5578006AF736 /* Build configuration list for PBXProject "WidgetApp" */ = {
			isa = XCConfigurationList;
			buildConfigurations = (
				7B7DDFBC2B0F5579006AF736 /* Debug */,
				7B7DDFBD2B0F5579006AF736 /* Release */,
			);
			defaultConfigurationIsVisible = 0;
			defaultConfigurationName = Release;
		};
		7B7DDFBE2B0F5579006AF736 /* Build configuration list for PBXNativeTarget "WidgetApp" */ = {
			isa = XCConfigurationList;
			buildConfigurations = (
				7B7DDFBF2B0F5579006AF736 /* Debug */,
				7B7DDFC02B0F5579006AF736 /* Release */,
			);
			defaultConfigurationIsVisible = 0;
			defaultConfigurationName = Release;
		};
		7B7DDFDA2B0F558D006AF736 /* Build configuration list for PBXNativeTarget "WidgetExtension" */ = {
			isa = XCConfigurationList;
			buildConfigurations = (
				7B7DDFDB2B0F558D006AF736 /* Debug */,
				7B7DDFDC2B0F558D006AF736 /* Release */,
			);
			defaultConfigurationIsVisible = 0;
			defaultConfigurationName = Release;
		};
/* End XCConfigurationList section */
	};
	rootObject = 7B7DDFA82B0F5578006AF736 /* Project object */;
}
